# This file is automatically @generated by Cargo.
# It is not intended for manual editing.
version = 3

[[package]]
name = "squeeshy"
version = "0.1.0"
dependencies = [
 "sugar_path",
]

[[package]]
name = "squeeshy-oxc"
version = "0.1.0"

[[package]]
name = "sugar_path"
version = "1.2.0"
source = "registry+https://github.com/rust-lang/crates.io-index"
checksum = "8230d5b8a65a6d4d4a7e5ee8dbdd9312ba447a8b8329689a390a0945d69b57ce"
